
Microsoft Visual Studio Solution File, Format Version 12.00
# Visual Studio Version 17
VisualStudioVersion = 17.14.36301.6 d17.14
MinimumVisualStudioVersion = 10.0.40219.1
Project("{FAE04EC0-301F-11D3-BF4B-00C04F79EFBC}") = "WinFlare", "WinFlare\WinFlare.csproj", "{69979033-B24C-4918-8264-F87F7CF0949A}"
EndProject
Global
	GlobalSection(SolutionConfigurationPlatforms) = preSolution
		Debug|Any CPU = Debug|Any CPU
		Release|Any CPU = Release|Any CPU
	EndGlobalSection
	GlobalSection(ProjectConfigurationPlatforms) = postSolution
		{69979033-B24C-4918-8264-F87F7CF0949A}.Debug|Any CPU.ActiveCfg = Debug|Any CPU
		{69979033-B24C-4918-8264-F87F7CF0949A}.Debug|Any CPU.Build.0 = Debug|Any CPU
		{69979033-B24C-4918-8264-F87F7CF0949A}.Release|Any CPU.ActiveCfg = Release|Any CPU
		{69979033-B24C-4918-8264-F87F7CF0949A}.Release|Any CPU.Build.0 = Release|Any CPU
	EndGlobalSection
	GlobalSection(SolutionProperties) = preSolution
		HideSolutionNode = FALSE
	EndGlobalSection
	GlobalSection(ExtensibilityGlobals) = postSolution
		SolutionGuid = {74DA5472-F25A-41E2-B42B-B8B32A3FEC89}
	EndGlobalSection
EndGlobal
